
Microsoft Visual Studio Solution File, Format Version 12.00
# Visual Studio Version 17
VisualStudioVersion = 17.12.35527.113
MinimumVisualStudioVersion = 10.0.40219.1
Project("{2150E333-8FDC-42A3-9474-1A3956D46DE8}") = "Common", "Common", "{D34200FA-C6AE-47DD-A7A6-9F5AE45005EB}"
EndProject
Project("{2150E333-8FDC-42A3-9474-1A3956D46DE8}") = "Services", "Services", "{F36C882B-6DCF-4CB2-B44A-2871AA2913FE}"
EndProject
Project("{FAE04EC0-301F-11D3-BF4B-00C04F79EFBC}") = "Utilities.Framework", "Utilities.Framework\Utilities.Framework.csproj", "{38F4F6C3-0655-4448-8F7E-D20829A350B0}"
EndProject
Project("{FAE04EC0-301F-11D3-BF4B-00C04F79EFBC}") = "PharmacyCalendar.Application", "PharmacyCalendar.Application\PharmacyCalendar.Application.csproj", "{E330AFD8-3145-4DFA-951F-6B086486B3E8}"
EndProject
Project("{FAE04EC0-301F-11D3-BF4B-00C04F79EFBC}") = "PharmacyCalendar.Domain", "PharmacyCalendar.Domain\PharmacyCalendar.Domain.csproj", "{626E41B5-6216-4A9E-8747-B9BC03E608C0}"
EndProject
Project("{FAE04EC0-301F-11D3-BF4B-00C04F79EFBC}") = "PharmacyCalendar.Infrastructure", "PharmacyCalendar.Infrastructure\PharmacyCalendar.Infrastructure.csproj", "{AE1CB4E5-7A7E-47B4-AE12-D1CA57E4F4C9}"
EndProject
Project("{FAE04EC0-301F-11D3-BF4B-00C04F79EFBC}") = "PharmacyCalendar.Api", "PharmacyCalendar.Api\PharmacyCalendar.Api.csproj", "{DCE51312-226F-4F48-8BA3-4621FA09A291}"
EndProject
Global
	GlobalSection(SolutionConfigurationPlatforms) = preSolution
		Debug|Any CPU = Debug|Any CPU
		Release|Any CPU = Release|Any CPU
	EndGlobalSection
	GlobalSection(ProjectConfigurationPlatforms) = postSolution
		{38F4F6C3-0655-4448-8F7E-D20829A350B0}.Debug|Any CPU.ActiveCfg = Debug|Any CPU
		{38F4F6C3-0655-4448-8F7E-D20829A350B0}.Debug|Any CPU.Build.0 = Debug|Any CPU
		{38F4F6C3-0655-4448-8F7E-D20829A350B0}.Release|Any CPU.ActiveCfg = Release|Any CPU
		{38F4F6C3-0655-4448-8F7E-D20829A350B0}.Release|Any CPU.Build.0 = Release|Any CPU
		{E330AFD8-3145-4DFA-951F-6B086486B3E8}.Debug|Any CPU.ActiveCfg = Debug|Any CPU
		{E330AFD8-3145-4DFA-951F-6B086486B3E8}.Debug|Any CPU.Build.0 = Debug|Any CPU
		{E330AFD8-3145-4DFA-951F-6B086486B3E8}.Release|Any CPU.ActiveCfg = Release|Any CPU
		{E330AFD8-3145-4DFA-951F-6B086486B3E8}.Release|Any CPU.Build.0 = Release|Any CPU
		{626E41B5-6216-4A9E-8747-B9BC03E608C0}.Debug|Any CPU.ActiveCfg = Debug|Any CPU
		{626E41B5-6216-4A9E-8747-B9BC03E608C0}.Debug|Any CPU.Build.0 = Debug|Any CPU
		{626E41B5-6216-4A9E-8747-B9BC03E608C0}.Release|Any CPU.ActiveCfg = Release|Any CPU
		{626E41B5-6216-4A9E-8747-B9BC03E608C0}.Release|Any CPU.Build.0 = Release|Any CPU
		{AE1CB4E5-7A7E-47B4-AE12-D1CA57E4F4C9}.Debug|Any CPU.ActiveCfg = Debug|Any CPU
		{AE1CB4E5-7A7E-47B4-AE12-D1CA57E4F4C9}.Debug|Any CPU.Build.0 = Debug|Any CPU
		{AE1CB4E5-7A7E-47B4-AE12-D1CA57E4F4C9}.Release|Any CPU.ActiveCfg = Release|Any CPU
		{AE1CB4E5-7A7E-47B4-AE12-D1CA57E4F4C9}.Release|Any CPU.Build.0 = Release|Any CPU
		{DCE51312-226F-4F48-8BA3-4621FA09A291}.Debug|Any CPU.ActiveCfg = Debug|Any CPU
		{DCE51312-226F-4F48-8BA3-4621FA09A291}.Debug|Any CPU.Build.0 = Debug|Any CPU
		{DCE51312-226F-4F48-8BA3-4621FA09A291}.Release|Any CPU.ActiveCfg = Release|Any CPU
		{DCE51312-226F-4F48-8BA3-4621FA09A291}.Release|Any CPU.Build.0 = Release|Any CPU
	EndGlobalSection
	GlobalSection(SolutionProperties) = preSolution
		HideSolutionNode = FALSE
	EndGlobalSection
	GlobalSection(NestedProjects) = preSolution
		{38F4F6C3-0655-4448-8F7E-D20829A350B0} = {D34200FA-C6AE-47DD-A7A6-9F5AE45005EB}
		{E330AFD8-3145-4DFA-951F-6B086486B3E8} = {F36C882B-6DCF-4CB2-B44A-2871AA2913FE}
		{626E41B5-6216-4A9E-8747-B9BC03E608C0} = {F36C882B-6DCF-4CB2-B44A-2871AA2913FE}
		{AE1CB4E5-7A7E-47B4-AE12-D1CA57E4F4C9} = {F36C882B-6DCF-4CB2-B44A-2871AA2913FE}
		{DCE51312-226F-4F48-8BA3-4621FA09A291} = {F36C882B-6DCF-4CB2-B44A-2871AA2913FE}
	EndGlobalSection
EndGlobal
